
Microsoft Visual Studio Solution File, Format Version 12.00
# Visual Studio Version 17
VisualStudioVersion = 17.3.32811.315
MinimumVisualStudioVersion = 10.0.40219.1
Project("{9A19103F-16F7-4668-BE54-9A1E7A4F7556}") = "ContactBookService.API", "ContactBookService.API\ContactBookService.API.csproj", "{F25826B7-8043-4A7F-B050-B8C8145E91DD}"
EndProject
Project("{9A19103F-16F7-4668-BE54-9A1E7A4F7556}") = "ContactBook.Razor.UI", "ContactBook.Razor.UI\ContactBook.Razor.UI.csproj", "{F1CEEC72-0280-48C8-AB44-FD3EC98BB794}"
EndProject
Global
	GlobalSection(SolutionConfigurationPlatforms) = preSolution
		Debug|Any CPU = Debug|Any CPU
		Release|Any CPU = Release|Any CPU
	EndGlobalSection
	GlobalSection(ProjectConfigurationPlatforms) = postSolution
		{F25826B7-8043-4A7F-B050-B8C8145E91DD}.Debug|Any CPU.ActiveCfg = Debug|Any CPU
		{F25826B7-8043-4A7F-B050-B8C8145E91DD}.Debug|Any CPU.Build.0 = Debug|Any CPU
		{F25826B7-8043-4A7F-B050-B8C8145E91DD}.Release|Any CPU.ActiveCfg = Release|Any CPU
		{F25826B7-8043-4A7F-B050-B8C8145E91DD}.Release|Any CPU.Build.0 = Release|Any CPU
		{F1CEEC72-0280-48C8-AB44-FD3EC98BB794}.Debug|Any CPU.ActiveCfg = Debug|Any CPU
		{F1CEEC72-0280-48C8-AB44-FD3EC98BB794}.Debug|Any CPU.Build.0 = Debug|Any CPU
		{F1CEEC72-0280-48C8-AB44-FD3EC98BB794}.Release|Any CPU.ActiveCfg = Release|Any CPU
		{F1CEEC72-0280-48C8-AB44-FD3EC98BB794}.Release|Any CPU.Build.0 = Release|Any CPU
	EndGlobalSection
	GlobalSection(SolutionProperties) = preSolution
		HideSolutionNode = FALSE
	EndGlobalSection
	GlobalSection(ExtensibilityGlobals) = postSolution
		SolutionGuid = {46258AB6-65F4-4214-8340-FB0D8A8C7F9D}
	EndGlobalSection
EndGlobal
